
Microsoft Visual Studio Solution File, Format Version 12.00
# Visual Studio Version 18
VisualStudioVersion = 18.4.11620.152 stable
MinimumVisualStudioVersion = 10.0.40219.1
Project("{9A19103F-16F7-4668-BE54-9A1E7A4F7556}") = "Vyntix.Fred.StagingDb", "Vyntix.Fred.StagingDb\Vyntix.Fred.StagingDb.csproj", "{14967597-A11B-471E-BF5A-0B0AC42275FB}"
EndProject
Project("{2150E333-8FDC-42A3-9474-1A3956D46DE8}") = "Solution Items", "Solution Items", "{78EAFFED-053C-4AB4-9C32-443923536162}"
	ProjectSection(SolutionItems) = preProject
		azure-pipelines.yml = azure-pipelines.yml
		Directory.Build.props = Directory.Build.props
		Notes.txt = Notes.txt
		version.json = version.json
	EndProjectSection
EndProject
Project("{FAE04EC0-301F-11D3-BF4B-00C04F79EFBC}") = "Vyntix.Domain", "..\Vyntix.Domain\Vyntix.Domain\Vyntix.Domain.csproj", "{FFC69DC4-E63F-4BB6-93FB-63E1543D0017}"
EndProject
Project("{FAE04EC0-301F-11D3-BF4B-00C04F79EFBC}") = "Vyntix.Fred.Model", "..\Vyntix.Fred.Model\Vyntix.Fred.Model\Vyntix.Fred.Model.csproj", "{06CB7708-7DDF-45D7-B55E-C01F5862249F}"
EndProject
Project("{FAE04EC0-301F-11D3-BF4B-00C04F79EFBC}") = "Core.DatabaseUtilities", "..\Core.DatabaseUtilities\Core.DatabaseUtilities\Core.DatabaseUtilities.csproj", "{40141BE8-3EC2-CFBF-900F-0EDD8240F4E8}"
EndProject
Global
	GlobalSection(SolutionConfigurationPlatforms) = preSolution
		Debug|Any CPU = Debug|Any CPU
		Release|Any CPU = Release|Any CPU
	EndGlobalSection
	GlobalSection(ProjectConfigurationPlatforms) = postSolution
		{14967597-A11B-471E-BF5A-0B0AC42275FB}.Debug|Any CPU.ActiveCfg = Debug|Any CPU
		{14967597-A11B-471E-BF5A-0B0AC42275FB}.Debug|Any CPU.Build.0 = Debug|Any CPU
		{14967597-A11B-471E-BF5A-0B0AC42275FB}.Release|Any CPU.ActiveCfg = Release|Any CPU
		{14967597-A11B-471E-BF5A-0B0AC42275FB}.Release|Any CPU.Build.0 = Release|Any CPU
		{FFC69DC4-E63F-4BB6-93FB-63E1543D0017}.Debug|Any CPU.ActiveCfg = Debug|Any CPU
		{FFC69DC4-E63F-4BB6-93FB-63E1543D0017}.Debug|Any CPU.Build.0 = Debug|Any CPU
		{FFC69DC4-E63F-4BB6-93FB-63E1543D0017}.Release|Any CPU.ActiveCfg = Release|Any CPU
		{FFC69DC4-E63F-4BB6-93FB-63E1543D0017}.Release|Any CPU.Build.0 = Release|Any CPU
		{06CB7708-7DDF-45D7-B55E-C01F5862249F}.Debug|Any CPU.ActiveCfg = Debug|Any CPU
		{06CB7708-7DDF-45D7-B55E-C01F5862249F}.Debug|Any CPU.Build.0 = Debug|Any CPU
		{06CB7708-7DDF-45D7-B55E-C01F5862249F}.Release|Any CPU.ActiveCfg = Release|Any CPU
		{06CB7708-7DDF-45D7-B55E-C01F5862249F}.Release|Any CPU.Build.0 = Release|Any CPU
		{40141BE8-3EC2-CFBF-900F-0EDD8240F4E8}.Debug|Any CPU.ActiveCfg = Debug|Any CPU
		{40141BE8-3EC2-CFBF-900F-0EDD8240F4E8}.Debug|Any CPU.Build.0 = Debug|Any CPU
		{40141BE8-3EC2-CFBF-900F-0EDD8240F4E8}.Release|Any CPU.ActiveCfg = Release|Any CPU
		{40141BE8-3EC2-CFBF-900F-0EDD8240F4E8}.Release|Any CPU.Build.0 = Release|Any CPU
	EndGlobalSection
	GlobalSection(SolutionProperties) = preSolution
		HideSolutionNode = FALSE
	EndGlobalSection
	GlobalSection(ExtensibilityGlobals) = postSolution
		SolutionGuid = {EAF7C380-B252-47C6-AE1A-EDACC4C45E3C}
	EndGlobalSection
EndGlobal
